// !$*UTF8*$!
{
	archiveVersion = 1;
	classes = {
	};
	objectVersion = 56;
	objects = {

/* Begin PBXBuildFile section */
		FEAACF702BFF0D5B00F031A1 /* DashboardResponse.swift in Sources */ = {isa = PBXBuildFile; fileRef = FEAACF6F2BFF0D5B00F031A1 /* DashboardResponse.swift */; };
		FEAACF722BFF0D7000F031A1 /* NetworkManager.swift in Sources */ = {isa = PBXBuildFile; fileRef = FEAACF712BFF0D7000F031A1 /* NetworkManager.swift */; };
		FEC019A42BCF1AE200C5B773 /* APIResponseData.swift in Sources */ = {isa = PBXBuildFile; fileRef = FEC019A32BCF1AE200C5B773 /* APIResponseData.swift */; };
		FEC019B12BCF1D1800C5B773 /* APIResponseService.swift in Sources */ = {isa = PBXBuildFile; fileRef = FEC019B02BCF1D1800C5B773 /* APIResponseService.swift */; };
		FEC019B82BCF1E2200C5B773 /* HomeViewModel.swift in Sources */ = {isa = PBXBuildFile; fileRef = FEC019B72BCF1E2200C5B773 /* HomeViewModel.swift */; };
		FEDCC6352BCE972B0030ADAC /* InitialView.swift in Sources */ = {isa = PBXBuildFile; fileRef = FEDCC6342BCE972B0030ADAC /* InitialView.swift */; };
		FEDCC6372BCE9D0E0030ADAC /* LinkDataBoxView.swift in Sources */ = {isa = PBXBuildFile; fileRef = FEDCC6362BCE9D0E0030ADAC /* LinkDataBoxView.swift */; };
		FEDCC63A2BCE9E450030ADAC /* URLImage in Frameworks */ = {isa = PBXBuildFile; productRef = FEDCC6392BCE9E450030ADAC /* URLImage */; };
		FEDCC63C2BCE9E450030ADAC /* URLImageStore in Frameworks */ = {isa = PBXBuildFile; productRef = FEDCC63B2BCE9E450030ADAC /* URLImageStore */; };
		FEDCC63E2BCEA7670030ADAC /* FAQS.swift in Sources */ = {isa = PBXBuildFile; fileRef = FEDCC63D2BCEA7670030ADAC /* FAQS.swift */; };
		FEE34CEE2BCD2E7000259974 /* ProjectApp.swift in Sources */ = {isa = PBXBuildFile; fileRef = FEE34CED2BCD2E7000259974 /* ProjectApp.swift */; };
		FEE34CF02BCD2E7000259974 /* ContentView.swift in Sources */ = {isa = PBXBuildFile; fileRef = FEE34CEF2BCD2E7000259974 /* ContentView.swift */; };
		FEE34CF22BCD2E7200259974 /* Assets.xcassets in Resources */ = {isa = PBXBuildFile; fileRef = FEE34CF12BCD2E7200259974 /* Assets.xcassets */; };
		FEE34CF52BCD2E7200259974 /* Preview Assets.xcassets in Resources */ = {isa = PBXBuildFile; fileRef = FEE34CF42BCD2E7200259974 /* Preview Assets.xcassets */; };
		FEE34CF72BCD2E7200259974 /* Persistence.swift in Sources */ = {isa = PBXBuildFile; fileRef = FEE34CF62BCD2E7200259974 /* Persistence.swift */; };
		FEE34CFA2BCD2E7200259974 /* Project.xcdatamodeld in Sources */ = {isa = PBXBuildFile; fileRef = FEE34CF82BCD2E7200259974 /* Project.xcdatamodeld */; };
		FEE34D012BCD327B00259974 /* Color.swift in Sources */ = {isa = PBXBuildFile; fileRef = FEE34D002BCD327B00259974 /* Color.swift */; };
		FEE34D032BCD53A000259974 /* LineChart.swift in Sources */ = {isa = PBXBuildFile; fileRef = FEE34D022BCD53A000259974 /* LineChart.swift */; };
/* End PBXBuildFile section */

/* Begin PBXFileReference section */
		FEAACF6F2BFF0D5B00F031A1 /* DashboardResponse.swift */ = {isa = PBXFileReference; lastKnownFileType = sourcecode.swift; path = DashboardResponse.swift; sourceTree = "<group>"; };
		FEAACF712BFF0D7000F031A1 /* NetworkManager.swift */ = {isa = PBXFileReference; lastKnownFileType = sourcecode.swift; path = NetworkManager.swift; sourceTree = "<group>"; };
		FEC019A32BCF1AE200C5B773 /* APIResponseData.swift */ = {isa = PBXFileReference; lastKnownFileType = sourcecode.swift; path = APIResponseData.swift; sourceTree = "<group>"; };
		FEC019B02BCF1D1800C5B773 /* APIResponseService.swift */ = {isa = PBXFileReference; lastKnownFileType = sourcecode.swift; path = APIResponseService.swift; sourceTree = "<group>"; };
		FEC019B72BCF1E2200C5B773 /* HomeViewModel.swift */ = {isa = PBXFileReference; lastKnownFileType = sourcecode.swift; path = HomeViewModel.swift; sourceTree = "<group>"; };
		FEDCC6342BCE972B0030ADAC /* InitialView.swift */ = {isa = PBXFileReference; lastKnownFileType = sourcecode.swift; path = InitialView.swift; sourceTree = "<group>"; };
		FEDCC6362BCE9D0E0030ADAC /* LinkDataBoxView.swift */ = {isa = PBXFileReference; lastKnownFileType = sourcecode.swift; path = LinkDataBoxView.swift; sourceTree = "<group>"; };
		FEDCC63D2BCEA7670030ADAC /* FAQS.swift */ = {isa = PBXFileReference; lastKnownFileType = sourcecode.swift; path = FAQS.swift; sourceTree = "<group>"; };
		FEE34CEA2BCD2E7000259974 /* Project.app */ = {isa = PBXFileReference; explicitFileType = wrapper.application; includeInIndex = 0; path = Project.app; sourceTree = BUILT_PRODUCTS_DIR; };
		FEE34CED2BCD2E7000259974 /* ProjectApp.swift */ = {isa = PBXFileReference; lastKnownFileType = sourcecode.swift; path = ProjectApp.swift; sourceTree = "<group>"; };
		FEE34CEF2BCD2E7000259974 /* ContentView.swift */ = {isa = PBXFileReference; lastKnownFileType = sourcecode.swift; path = ContentView.swift; sourceTree = "<group>"; };
		FEE34CF12BCD2E7200259974 /* Assets.xcassets */ = {isa = PBXFileReference; lastKnownFileType = folder.assetcatalog; path = Assets.xcassets; sourceTree = "<group>"; };
		FEE34CF42BCD2E7200259974 /* Preview Assets.xcassets */ = {isa = PBXFileReference; lastKnownFileType = folder.assetcatalog; path = "Preview Assets.xcassets"; sourceTree = "<group>"; };
		FEE34CF62BCD2E7200259974 /* Persistence.swift */ = {isa = PBXFileReference; lastKnownFileType = sourcecode.swift; path = Persistence.swift; sourceTree = "<group>"; };
		FEE34CF92BCD2E7200259974 /* Project.xcdatamodel */ = {isa = PBXFileReference; lastKnownFileType = wrapper.xcdatamodel; path = Project.xcdatamodel; sourceTree = "<group>"; };
		FEE34D002BCD327B00259974 /* Color.swift */ = {isa = PBXFileReference; lastKnownFileType = sourcecode.swift; path = Color.swift; sourceTree = "<group>"; };
		FEE34D022BCD53A000259974 /* LineChart.swift */ = {isa = PBXFileReference; lastKnownFileType = sourcecode.swift; path = LineChart.swift; sourceTree = "<group>"; };
/* End PBXFileReference section */

/* Begin PBXFrameworksBuildPhase section */
		FEE34CE72BCD2E7000259974 /* Frameworks */ = {
			isa = PBXFrameworksBuildPhase;
			buildActionMask = 2147483647;
			files = (
				FEDCC63C2BCE9E450030ADAC /* URLImageStore in Frameworks */,
				FEDCC63A2BCE9E450030ADAC /* URLImage in Frameworks */,
			);
			runOnlyForDeploymentPostprocessing = 0;
		};
/* End PBXFrameworksBuildPhase section */

/* Begin PBXGroup section */
		FEC0199D2BCF1A3000C5B773 /* Views */ = {
			isa = PBXGroup;
			children = (
				FEDCC63D2BCEA7670030ADAC /* FAQS.swift */,
				FEDCC6362BCE9D0E0030ADAC /* LinkDataBoxView.swift */,
				FEDCC6342BCE972B0030ADAC /* InitialView.swift */,
				FEE34D022BCD53A000259974 /* LineChart.swift */,
				FEE34CEF2BCD2E7000259974 /* ContentView.swift */,
			);
			path = Views;
			sourceTree = "<group>";
		};
		FEC0199E2BCF1A3900C5B773 /* Extensions */ = {
			isa = PBXGroup;
			children = (
				FEE34D002BCD327B00259974 /* Color.swift */,
			);
			path = Extensions;
			sourceTree = "<group>";
		};
		FEC0199F2BCF1A6400C5B773 /* Manager */ = {
			isa = PBXGroup;
			children = (
				FEC019AF2BCF1CED00C5B773 /* APIServices */,
				FEAACF712BFF0D7000F031A1 /* NetworkManager.swift */,
			);
			path = Manager;
			sourceTree = "<group>";
		};
		FEC019A02BCF1A6F00C5B773 /* App */ = {
			isa = PBXGroup;
			children = (
				FEE34CF82BCD2E7200259974 /* Project.xcdatamodeld */,
				FEE34CF12BCD2E7200259974 /* Assets.xcassets */,
				FEE34CED2BCD2E7000259974 /* ProjectApp.swift */,
				FEE34CF62BCD2E7200259974 /* Persistence.swift */,
			);
			path = App;
			sourceTree = "<group>";
		};
		FEC019A12BCF1ABF00C5B773 /* Models */ = {
			isa = PBXGroup;
			children = (
				FEC019A22BCF1AC300C5B773 /* Data */,
			);
			path = Models;
			sourceTree = "<group>";
		};
		FEC019A22BCF1AC300C5B773 /* Data */ = {
			isa = PBXGroup;
			children = (
				FEC019A32BCF1AE200C5B773 /* APIResponseData.swift */,
				FEAACF6F2BFF0D5B00F031A1 /* DashboardResponse.swift */,
			);
			path = Data;
			sourceTree = "<group>";
		};
		FEC019AF2BCF1CED00C5B773 /* APIServices */ = {
			isa = PBXGroup;
			children = (
				FEC019B02BCF1D1800C5B773 /* APIResponseService.swift */,
			);
			path = APIServices;
			sourceTree = "<group>";
		};
		FEDCC63F2BCED4570030ADAC /* ViewModel */ = {
			isa = PBXGroup;
			children = (
				FEC019B72BCF1E2200C5B773 /* HomeViewModel.swift */,
			);
			path = ViewModel;
			sourceTree = "<group>";
		};
		FEE34CE12BCD2E7000259974 = {
			isa = PBXGroup;
			children = (
				FEE34CEC2BCD2E7000259974 /* Project */,
				FEE34CEB2BCD2E7000259974 /* Products */,
			);
			sourceTree = "<group>";
		};
		FEE34CEB2BCD2E7000259974 /* Products */ = {
			isa = PBXGroup;
			children = (
				FEE34CEA2BCD2E7000259974 /* Project.app */,
			);
			name = Products;
			sourceTree = "<group>";
		};
		FEE34CEC2BCD2E7000259974 /* Project */ = {
			isa = PBXGroup;
			children = (
				FEC019A12BCF1ABF00C5B773 /* Models */,
				FEC019A02BCF1A6F00C5B773 /* App */,
				FEC0199F2BCF1A6400C5B773 /* Manager */,
				FEC0199E2BCF1A3900C5B773 /* Extensions */,
				FEC0199D2BCF1A3000C5B773 /* Views */,
				FEDCC63F2BCED4570030ADAC /* ViewModel */,
				FEE34CF32BCD2E7200259974 /* Preview Content */,
			);
			path = Project;
			sourceTree = "<group>";
		};
		FEE34CF32BCD2E7200259974 /* Preview Content */ = {
			isa = PBXGroup;
			children = (
				FEE34CF42BCD2E7200259974 /* Preview Assets.xcassets */,
			);
			path = "Preview Content";
			sourceTree = "<group>";
		};
/* End PBXGroup section */

/* Begin PBXNativeTarget section */
		FEE34CE92BCD2E7000259974 /* Project */ = {
			isa = PBXNativeTarget;
			buildConfigurationList = FEE34CFD2BCD2E7200259974 /* Build configuration list for PBXNativeTarget "Project" */;
			buildPhases = (
				FEE34CE62BCD2E7000259974 /* Sources */,
				FEE34CE72BCD2E7000259974 /* Frameworks */,
				FEE34CE82BCD2E7000259974 /* Resources */,
			);
			buildRules = (
			);
			dependencies = (
			);
			name = Project;
			packageProductDependencies = (
				FEDCC6392BCE9E450030ADAC /* URLImage */,
				FEDCC63B2BCE9E450030ADAC /* URLImageStore */,
			);
			productName = Project;
			productReference = FEE34CEA2BCD2E7000259974 /* Project.app */;
			productType = "com.apple.product-type.application";
		};
/* End PBXNativeTarget section */

/* Begin PBXProject section */
		FEE34CE22BCD2E7000259974 /* Project object */ = {
			isa = PBXProject;
			attributes = {
				BuildIndependentTargetsInParallel = 1;
				LastSwiftUpdateCheck = 1530;
				LastUpgradeCheck = 1530;
				TargetAttributes = {
					FEE34CE92BCD2E7000259974 = {
						CreatedOnToolsVersion = 15.3;
					};
				};
			};
			buildConfigurationList = FEE34CE52BCD2E7000259974 /* Build configuration list for PBXProject "Project" */;
			compatibilityVersion = "Xcode 14.0";
			developmentRegion = en;
			hasScannedForEncodings = 0;
			knownRegions = (
				en,
				Base,
			);
			mainGroup = FEE34CE12BCD2E7000259974;
			packageReferences = (
				FEDCC6382BCE9E450030ADAC /* XCRemoteSwiftPackageReference "url-image" */,
			);
			productRefGroup = FEE34CEB2BCD2E7000259974 /* Products */;
			projectDirPath = "";
			projectRoot = "";
			targets = (
				FEE34CE92BCD2E7000259974 /* Project */,
			);
		};
/* End PBXProject section */

/* Begin PBXResourcesBuildPhase section */
		FEE34CE82BCD2E7000259974 /* Resources */ = {
			isa = PBXResourcesBuildPhase;
			buildActionMask = 2147483647;
			files = (
				FEE34CF52BCD2E7200259974 /* Preview Assets.xcassets in Resources */,
				FEE34CF22BCD2E7200259974 /* Assets.xcassets in Resources */,
			);
			runOnlyForDeploymentPostprocessing = 0;
		};
/* End PBXResourcesBuildPhase section */

/* Begin PBXSourcesBuildPhase section */
		FEE34CE62BCD2E7000259974 /* Sources */ = {
			isa = PBXSourcesBuildPhase;
			buildActionMask = 2147483647;
			files = (
				FEE34CF72BCD2E7200259974 /* Persistence.swift in Sources */,
				FEC019B82BCF1E2200C5B773 /* HomeViewModel.swift in Sources */,
				FEE34CF02BCD2E7000259974 /* ContentView.swift in Sources */,
				FEAACF722BFF0D7000F031A1 /* NetworkManager.swift in Sources */,
				FEDCC6352BCE972B0030ADAC /* InitialView.swift in Sources */,
				FEDCC63E2BCEA7670030ADAC /* FAQS.swift in Sources */,
				FEC019A42BCF1AE200C5B773 /* APIResponseData.swift in Sources */,
				FEE34D032BCD53A000259974 /* LineChart.swift in Sources */,
				FEAACF702BFF0D5B00F031A1 /* DashboardResponse.swift in Sources */,
				FEC019B12BCF1D1800C5B773 /* APIResponseService.swift in Sources */,
				FEDCC6372BCE9D0E0030ADAC /* LinkDataBoxView.swift in Sources */,
				FEE34CEE2BCD2E7000259974 /* ProjectApp.swift in Sources */,
				FEE34D012BCD327B00259974 /* Color.swift in Sources */,
				FEE34CFA2BCD2E7200259974 /* Project.xcdatamodeld in Sources */,
			);
			runOnlyForDeploymentPostprocessing = 0;
		};
/* End PBXSourcesBuildPhase section */

/* Begin XCBuildConfiguration section */
		FEE34CFB2BCD2E7200259974 /* Debug */ = {
			isa = XCBuildConfiguration;
			buildSettings = {
				ALWAYS_SEARCH_USER_PATHS = NO;
				ASSETCATALOG_COMPILER_GENERATE_SWIFT_ASSET_SYMBOL_EXTENSIONS = YES;
				CLANG_ANALYZER_NONNULL = YES;
				CLANG_ANALYZER_NUMBER_OBJECT_CONVERSION = YES_AGGRESSIVE;
				CLANG_CXX_LANGUAGE_STANDARD = "gnu++20";
				CLANG_ENABLE_MODULES = YES;
				CLANG_ENABLE_OBJC_ARC = YES;
				CLANG_ENABLE_OBJC_WEAK = YES;
				CLANG_WARN_BLOCK_CAPTURE_AUTORELEASING = YES;
				CLANG_WARN_BOOL_CONVERSION = YES;
				CLANG_WARN_COMMA = YES;
				CLANG_WARN_CONSTANT_CONVERSION = YES;
				CLANG_WARN_DEPRECATED_OBJC_IMPLEMENTATIONS = YES;
				CLANG_WARN_DIRECT_OBJC_ISA_USAGE = YES_ERROR;
				CLANG_WARN_DOCUMENTATION_COMMENTS = YES;
				CLANG_WARN_EMPTY_BODY = YES;
				CLANG_WARN_ENUM_CONVERSION = YES;
				CLANG_WARN_INFINITE_RECURSION = YES;
				CLANG_WARN_INT_CONVERSION = YES;
				CLANG_WARN_NON_LITERAL_NULL_CONVERSION = YES;
				CLANG_WARN_OBJC_IMPLICIT_RETAIN_SELF = YES;
				CLANG_WARN_OBJC_LITERAL_CONVERSION = YES;
				CLANG_WARN_OBJC_ROOT_CLASS = YES_ERROR;
				CLANG_WARN_QUOTED_INCLUDE_IN_FRAMEWORK_HEADER = YES;
				CLANG_WARN_RANGE_LOOP_ANALYSIS = YES;
				CLANG_WARN_STRICT_PROTOTYPES = YES;
				CLANG_WARN_SUSPICIOUS_MOVE = YES;
				CLANG_WARN_UNGUARDED_AVAILABILITY = YES_AGGRESSIVE;
				CLANG_WARN_UNREACHABLE_CODE = YES;
				CLANG_WARN__DUPLICATE_METHOD_MATCH = YES;
				COPY_PHASE_STRIP = NO;
				DEBUG_INFORMATION_FORMAT = dwarf;
				ENABLE_STRICT_OBJC_MSGSEND = YES;
				ENABLE_TESTABILITY = YES;
				ENABLE_USER_SCRIPT_SANDBOXING = YES;
				GCC_C_LANGUAGE_STANDARD = gnu17;
				GCC_DYNAMIC_NO_PIC = NO;
				GCC_NO_COMMON_BLOCKS = YES;
				GCC_OPTIMIZATION_LEVEL = 0;
				GCC_PREPROCESSOR_DEFINITIONS = (
					"DEBUG=1",
					"$(inherited)",
				);
				GCC_WARN_64_TO_32_BIT_CONVERSION = YES;
				GCC_WARN_ABOUT_RETURN_TYPE = YES_ERROR;
				GCC_WARN_UNDECLARED_SELECTOR = YES;
				GCC_WARN_UNINITIALIZED_AUTOS = YES_AGGRESSIVE;
				GCC_WARN_UNUSED_FUNCTION = YES;
				GCC_WARN_UNUSED_VARIABLE = YES;
				IPHONEOS_DEPLOYMENT_TARGET = 17.4;
				LOCALIZATION_PREFERS_STRING_CATALOGS = YES;
				MTL_ENABLE_DEBUG_INFO = INCLUDE_SOURCE;
				MTL_FAST_MATH = YES;
				ONLY_ACTIVE_ARCH = YES;
				SDKROOT = iphoneos;
				SWIFT_ACTIVE_COMPILATION_CONDITIONS = "DEBUG $(inherited)";
				SWIFT_OPTIMIZATION_LEVEL = "-Onone";
			};
			name = Debug;
		};
		FEE34CFC2BCD2E7200259974 /* Release */ = {
			isa = XCBuildConfiguration;
			buildSettings = {
				ALWAYS_SEARCH_USER_PATHS = NO;
				ASSETCATALOG_COMPILER_GENERATE_SWIFT_ASSET_SYMBOL_EXTENSIONS = YES;
				CLANG_ANALYZER_NONNULL = YES;
				CLANG_ANALYZER_NUMBER_OBJECT_CONVERSION = YES_AGGRESSIVE;
				CLANG_CXX_LANGUAGE_STANDARD = "gnu++20";
				CLANG_ENABLE_MODULES = YES;
				CLANG_ENABLE_OBJC_ARC = YES;
				CLANG_ENABLE_OBJC_WEAK = YES;
				CLANG_WARN_BLOCK_CAPTURE_AUTORELEASING = YES;
				CLANG_WARN_BOOL_CONVERSION = YES;
				CLANG_WARN_COMMA = YES;
				CLANG_WARN_CONSTANT_CONVERSION = YES;
				CLANG_WARN_DEPRECATED_OBJC_IMPLEMENTATIONS = YES;
				CLANG_WARN_DIRECT_OBJC_ISA_USAGE = YES_ERROR;
				CLANG_WARN_DOCUMENTATION_COMMENTS = YES;
				CLANG_WARN_EMPTY_BODY = YES;
				CLANG_WARN_ENUM_CONVERSION = YES;
				CLANG_WARN_INFINITE_RECURSION = YES;
				CLANG_WARN_INT_CONVERSION = YES;
				CLANG_WARN_NON_LITERAL_NULL_CONVERSION = YES;
				CLANG_WARN_OBJC_IMPLICIT_RETAIN_SELF = YES;
				CLANG_WARN_OBJC_LITERAL_CONVERSION = YES;
				CLANG_WARN_OBJC_ROOT_CLASS = YES_ERROR;
				CLANG_WARN_QUOTED_INCLUDE_IN_FRAMEWORK_HEADER = YES;
				CLANG_WARN_RANGE_LOOP_ANALYSIS = YES;
				CLANG_WARN_STRICT_PROTOTYPES = YES;
				CLANG_WARN_SUSPICIOUS_MOVE = YES;
				CLANG_WARN_UNGUARDED_AVAILABILITY = YES_AGGRESSIVE;
				CLANG_WARN_UNREACHABLE_CODE = YES;
				CLANG_WARN__DUPLICATE_METHOD_MATCH = YES;
				COPY_PHASE_STRIP = NO;
				DEBUG_INFORMATION_FORMAT = "dwarf-with-dsym";
				ENABLE_NS_ASSERTIONS = NO;
				ENABLE_STRICT_OBJC_MSGSEND = YES;
				ENABLE_USER_SCRIPT_SANDBOXING = YES;
				GCC_C_LANGUAGE_STANDARD = gnu17;
				GCC_NO_COMMON_BLOCKS = YES;
				GCC_WARN_64_TO_32_BIT_CONVERSION = YES;
				GCC_WARN_ABOUT_RETURN_TYPE = YES_ERROR;
				GCC_WARN_UNDECLARED_SELECTOR = YES;
				GCC_WARN_UNINITIALIZED_AUTOS = YES_AGGRESSIVE;
				GCC_WARN_UNUSED_FUNCTION = YES;
				GCC_WARN_UNUSED_VARIABLE = YES;
				IPHONEOS_DEPLOYMENT_TARGET = 17.4;
				LOCALIZATION_PREFERS_STRING_CATALOGS = YES;
				MTL_ENABLE_DEBUG_INFO = NO;
				MTL_FAST_MATH = YES;
				SDKROOT = iphoneos;
				SWIFT_COMPILATION_MODE = wholemodule;
				VALIDATE_PRODUCT = YES;
			};
			name = Release;
		};
		FEE34CFE2BCD2E7200259974 /* Debug */ = {
			isa = XCBuildConfiguration;
			buildSettings = {
				ASSETCATALOG_COMPILER_APPICON_NAME = AppIcon;
				ASSETCATALOG_COMPILER_GLOBAL_ACCENT_COLOR_NAME = AccentColor;
				CODE_SIGN_STYLE = Automatic;
				CURRENT_PROJECT_VERSION = 1;
				DEVELOPMENT_ASSET_PATHS = "\"Project/Preview Content\"";
				DEVELOPMENT_TEAM = U59ACTGLF9;
				ENABLE_PREVIEWS = YES;
				GENERATE_INFOPLIST_FILE = YES;
				INFOPLIST_KEY_UIApplicationSceneManifest_Generation = YES;
				INFOPLIST_KEY_UIApplicationSupportsIndirectInputEvents = YES;
				INFOPLIST_KEY_UILaunchScreen_Generation = YES;
				INFOPLIST_KEY_UISupportedInterfaceOrientations_iPad = "UIInterfaceOrientationPortrait UIInterfaceOrientationPortraitUpsideDown UIInterfaceOrientationLandscapeLeft UIInterfaceOrientationLandscapeRight";
				INFOPLIST_KEY_UISupportedInterfaceOrientations_iPhone = "UIInterfaceOrientationPortrait UIInterfaceOrientationLandscapeLeft UIInterfaceOrientationLandscapeRight";
				LD_RUNPATH_SEARCH_PATHS = (
					"$(inherited)",
					"@executable_path/Frameworks",
				);
				MARKETING_VERSION = 1.0;
				PRODUCT_BUNDLE_IDENTIFIER = Project.Project;
				PRODUCT_NAME = "$(TARGET_NAME)";
				SWIFT_EMIT_LOC_STRINGS = YES;
				SWIFT_VERSION = 5.0;
				TARGETED_DEVICE_FAMILY = "1,2";
			};
			name = Debug;
		};
		FEE34CFF2BCD2E7200259974 /* Release */ = {
			isa = XCBuildConfiguration;
			buildSettings = {
				ASSETCATALOG_COMPILER_APPICON_NAME = AppIcon;
				ASSETCATALOG_COMPILER_GLOBAL_ACCENT_COLOR_NAME = AccentColor;
				CODE_SIGN_STYLE = Automatic;
				CURRENT_PROJECT_VERSION = 1;
				DEVELOPMENT_ASSET_PATHS = "\"Project/Preview Content\"";
				DEVELOPMENT_TEAM = U59ACTGLF9;
				ENABLE_PREVIEWS = YES;
				GENERATE_INFOPLIST_FILE = YES;
				INFOPLIST_KEY_UIApplicationSceneManifest_Generation = YES;
				INFOPLIST_KEY_UIApplicationSupportsIndirectInputEvents = YES;
				INFOPLIST_KEY_UILaunchScreen_Generation = YES;
				INFOPLIST_KEY_UISupportedInterfaceOrientations_iPad = "UIInterfaceOrientationPortrait UIInterfaceOrientationPortraitUpsideDown UIInterfaceOrientationLandscapeLeft UIInterfaceOrientationLandscapeRight";
				INFOPLIST_KEY_UISupportedInterfaceOrientations_iPhone = "UIInterfaceOrientationPortrait UIInterfaceOrientationLandscapeLeft UIInterfaceOrientationLandscapeRight";
				LD_RUNPATH_SEARCH_PATHS = (
					"$(inherited)",
					"@executable_path/Frameworks",
				);
				MARKETING_VERSION = 1.0;
				PRODUCT_BUNDLE_IDENTIFIER = Project.Project;
				PRODUCT_NAME = "$(TARGET_NAME)";
				SWIFT_EMIT_LOC_STRINGS = YES;
				SWIFT_VERSION = 5.0;
				TARGETED_DEVICE_FAMILY = "1,2";
			};
			name = Release;
		};
/* End XCBuildConfiguration section */

/* Begin XCConfigurationList section */
		FEE34CE52BCD2E7000259974 /* Build configuration list for PBXProject "Project" */ = {
			isa = XCConfigurationList;
			buildConfigurations = (
				FEE34CFB2BCD2E7200259974 /* Debug */,
				FEE34CFC2BCD2E7200259974 /* Release */,
			);
			defaultConfigurationIsVisible = 0;
			defaultConfigurationName = Release;
		};
		FEE34CFD2BCD2E7200259974 /* Build configuration list for PBXNativeTarget "Project" */ = {
			isa = XCConfigurationList;
			buildConfigurations = (
				FEE34CFE2BCD2E7200259974 /* Debug */,
				FEE34CFF2BCD2E7200259974 /* Release */,
			);
			defaultConfigurationIsVisible = 0;
			defaultConfigurationName = Release;
		};
/* End XCConfigurationList section */

/* Begin XCRemoteSwiftPackageReference section */
		FEDCC6382BCE9E450030ADAC /* XCRemoteSwiftPackageReference "url-image" */ = {
			isa = XCRemoteSwiftPackageReference;
			repositoryURL = "https://github.com/dmytro-anokhin/url-image.git";
			requirement = {
				kind = upToNextMajorVersion;
				minimumVersion = 3.1.1;
			};
		};
/* End XCRemoteSwiftPackageReference section */

/* Begin XCSwiftPackageProductDependency section */
		FEDCC6392BCE9E450030ADAC /* URLImage */ = {
			isa = XCSwiftPackageProductDependency;
			package = FEDCC6382BCE9E450030ADAC /* XCRemoteSwiftPackageReference "url-image" */;
			productName = URLImage;
		};
		FEDCC63B2BCE9E450030ADAC /* URLImageStore */ = {
			isa = XCSwiftPackageProductDependency;
			package = FEDCC6382BCE9E450030ADAC /* XCRemoteSwiftPackageReference "url-image" */;
			productName = URLImageStore;
		};
/* End XCSwiftPackageProductDependency section */

/* Begin XCVersionGroup section */
		FEE34CF82BCD2E7200259974 /* Project.xcdatamodeld */ = {
			isa = XCVersionGroup;
			children = (
				FEE34CF92BCD2E7200259974 /* Project.xcdatamodel */,
			);
			currentVersion = FEE34CF92BCD2E7200259974 /* Project.xcdatamodel */;
			path = Project.xcdatamodeld;
			sourceTree = "<group>";
			versionGroupType = wrapper.xcdatamodel;
		};
/* End XCVersionGroup section */
	};
	rootObject = FEE34CE22BCD2E7000259974 /* Project object */;
}
